
Microsoft Visual Studio Solution File, Format Version 12.00
# Visual Studio 2013
VisualStudioVersion = 12.0.31101.0
MinimumVisualStudioVersion = 10.0.40219.1
Project("{8BC9CEB8-8B4A-11D0-8D11-00A0C91BC942}") = "rtmp", "rtmp\rtmp.vcxproj", "{B3CE5E40-302F-4630-B411-FEB1F90E1500}"
EndProject
Project("{8BC9CEB8-8B4A-11D0-8D11-00A0C91BC942}") = "opencv_demo", "opencv_demo\opencv_demo.vcxproj", "{D3BDD718-B557-457C-87D2-B55C3EB62B53}"
EndProject
Project("{8BC9CEB8-8B4A-11D0-8D11-00A0C91BC942}") = "QtAudio", "QtAudio\QtAudio.vcxproj", "{B12702AD-ABFB-343A-A199-8E24837244A3}"
EndProject
Project("{8BC9CEB8-8B4A-11D0-8D11-00A0C91BC942}") = "ffmpeg", "ffmpeg\ffmpeg.vcxproj", "{8A620E3E-403A-417D-8E17-8ED968B832C6}"
EndProject
Global
	GlobalSection(SolutionConfigurationPlatforms) = preSolution
		Debug|Win32 = Debug|Win32
		Release|Win32 = Release|Win32
	EndGlobalSection
	GlobalSection(ProjectConfigurationPlatforms) = postSolution
		{B3CE5E40-302F-4630-B411-FEB1F90E1500}.Debug|Win32.ActiveCfg = Debug|Win32
		{B3CE5E40-302F-4630-B411-FEB1F90E1500}.Debug|Win32.Build.0 = Debug|Win32
		{B3CE5E40-302F-4630-B411-FEB1F90E1500}.Release|Win32.ActiveCfg = Release|Win32
		{B3CE5E40-302F-4630-B411-FEB1F90E1500}.Release|Win32.Build.0 = Release|Win32
		{D3BDD718-B557-457C-87D2-B55C3EB62B53}.Debug|Win32.ActiveCfg = Debug|Win32
		{D3BDD718-B557-457C-87D2-B55C3EB62B53}.Debug|Win32.Build.0 = Debug|Win32
		{D3BDD718-B557-457C-87D2-B55C3EB62B53}.Release|Win32.ActiveCfg = Release|Win32
		{D3BDD718-B557-457C-87D2-B55C3EB62B53}.Release|Win32.Build.0 = Release|Win32
		{B12702AD-ABFB-343A-A199-8E24837244A3}.Debug|Win32.ActiveCfg = Debug|Win32
		{B12702AD-ABFB-343A-A199-8E24837244A3}.Debug|Win32.Build.0 = Debug|Win32
		{B12702AD-ABFB-343A-A199-8E24837244A3}.Release|Win32.ActiveCfg = Release|Win32
		{B12702AD-ABFB-343A-A199-8E24837244A3}.Release|Win32.Build.0 = Release|Win32
		{8A620E3E-403A-417D-8E17-8ED968B832C6}.Debug|Win32.ActiveCfg = Debug|Win32
		{8A620E3E-403A-417D-8E17-8ED968B832C6}.Debug|Win32.Build.0 = Debug|Win32
		{8A620E3E-403A-417D-8E17-8ED968B832C6}.Release|Win32.ActiveCfg = Release|Win32
		{8A620E3E-403A-417D-8E17-8ED968B832C6}.Release|Win32.Build.0 = Release|Win32
	EndGlobalSection
	GlobalSection(SolutionProperties) = preSolution
		HideSolutionNode = FALSE
	EndGlobalSection
EndGlobal
